// !$*UTF8*$!
{
	archiveVersion = 1;
	classes = {
	};
	objectVersion = 46;
	objects = {

/* Begin PBXBuildFile section */
		540BEED418F9BE5C00EA7F5D /* Foundation.framework in Frameworks */ = {isa = PBXBuildFile; fileRef = 540BEED318F9BE5C00EA7F5D /* Foundation.framework */; };
		540BEED618F9BE5C00EA7F5D /* CoreGraphics.framework in Frameworks */ = {isa = PBXBuildFile; fileRef = 540BEED518F9BE5C00EA7F5D /* CoreGraphics.framework */; };
		540BEED818F9BE5C00EA7F5D /* UIKit.framework in Frameworks */ = {isa = PBXBuildFile; fileRef = 540BEED718F9BE5C00EA7F5D /* UIKit.framework */; };
		540BEEDE18F9BE5C00EA7F5D /* InfoPlist.strings in Resources */ = {isa = PBXBuildFile; fileRef = 540BEEDC18F9BE5C00EA7F5D /* InfoPlist.strings */; };
		540BEEE018F9BE5C00EA7F5D /* main.m in Sources */ = {isa = PBXBuildFile; fileRef = 540BEEDF18F9BE5C00EA7F5D /* main.m */; };
		540BEEE418F9BE5C00EA7F5D /* DMAppDelegate.m in Sources */ = {isa = PBXBuildFile; fileRef = 540BEEE318F9BE5C00EA7F5D /* DMAppDelegate.m */; };
		540BEEE718F9BE5C00EA7F5D /* Main.storyboard in Resources */ = {isa = PBXBuildFile; fileRef = 540BEEE518F9BE5C00EA7F5D /* Main.storyboard */; };
		540BEEEC18F9BE5C00EA7F5D /* About Me.xcassets in Resources */ = {isa = PBXBuildFile; fileRef = 540BEEEB18F9BE5C00EA7F5D /* About Me.xcassets */; };
		540BEEF318F9BE5C00EA7F5D /* XCTest.framework in Frameworks */ = {isa = PBXBuildFile; fileRef = 540BEEF218F9BE5C00EA7F5D /* XCTest.framework */; };
		540BEEF418F9BE5C00EA7F5D /* Foundation.framework in Frameworks */ = {isa = PBXBuildFile; fileRef = 540BEED318F9BE5C00EA7F5D /* Foundation.framework */; };
		540BEEF518F9BE5C00EA7F5D /* UIKit.framework in Frameworks */ = {isa = PBXBuildFile; fileRef = 540BEED718F9BE5C00EA7F5D /* UIKit.framework */; };
		540BEEFD18F9BE5C00EA7F5D /* InfoPlist.strings in Resources */ = {isa = PBXBuildFile; fileRef = 540BEEFB18F9BE5C00EA7F5D /* InfoPlist.strings */; };
		540BEEFF18F9BE5C00EA7F5D /* Dan_MillerTests.m in Sources */ = {isa = PBXBuildFile; fileRef = 540BEEFE18F9BE5C00EA7F5D /* Dan_MillerTests.m */; };
		548DDAD218F9E2D000686945 /* DMAboutMyViewController.m in Sources */ = {isa = PBXBuildFile; fileRef = 548DDAD118F9E2D000686945 /* DMAboutMyViewController.m */; };
		54AFE71A18FB153C00378AE7 /* DMTableViewController.m in Sources */ = {isa = PBXBuildFile; fileRef = 54AFE71918FB153C00378AE7 /* DMTableViewController.m */; };
		54AFE71D18FB164C00378AE7 /* DMWebViewController.m in Sources */ = {isa = PBXBuildFile; fileRef = 54AFE71C18FB164C00378AE7 /* DMWebViewController.m */; };
		54AFE73218FB38FB00378AE7 /* AFHTTPRequestOperation.m in Sources */ = {isa = PBXBuildFile; fileRef = 54AFE72018FB38FB00378AE7 /* AFHTTPRequestOperation.m */; };
		54AFE73318FB38FB00378AE7 /* AFHTTPRequestOperationManager.m in Sources */ = {isa = PBXBuildFile; fileRef = 54AFE72218FB38FB00378AE7 /* AFHTTPRequestOperationManager.m */; };
		54AFE73418FB38FB00378AE7 /* AFHTTPSessionManager.m in Sources */ = {isa = PBXBuildFile; fileRef = 54AFE72418FB38FB00378AE7 /* AFHTTPSessionManager.m */; };
		54AFE73518FB38FB00378AE7 /* AFNetworkReachabilityManager.m in Sources */ = {isa = PBXBuildFile; fileRef = 54AFE72718FB38FB00378AE7 /* AFNetworkReachabilityManager.m */; };
		54AFE73618FB38FB00378AE7 /* AFSecurityPolicy.m in Sources */ = {isa = PBXBuildFile; fileRef = 54AFE72918FB38FB00378AE7 /* AFSecurityPolicy.m */; };
		54AFE73718FB38FB00378AE7 /* AFURLConnectionOperation.m in Sources */ = {isa = PBXBuildFile; fileRef = 54AFE72B18FB38FB00378AE7 /* AFURLConnectionOperation.m */; };
		54AFE73818FB38FB00378AE7 /* AFURLRequestSerialization.m in Sources */ = {isa = PBXBuildFile; fileRef = 54AFE72D18FB38FB00378AE7 /* AFURLRequestSerialization.m */; };
		54AFE73918FB38FB00378AE7 /* AFURLResponseSerialization.m in Sources */ = {isa = PBXBuildFile; fileRef = 54AFE72F18FB38FB00378AE7 /* AFURLResponseSerialization.m */; };
		54AFE73A18FB38FB00378AE7 /* AFURLSessionManager.m in Sources */ = {isa = PBXBuildFile; fileRef = 54AFE73118FB38FB00378AE7 /* AFURLSessionManager.m */; };
		54AFE73D18FB444F00378AE7 /* DMProjectObject.m in Sources */ = {isa = PBXBuildFile; fileRef = 54AFE73C18FB444F00378AE7 /* DMProjectObject.m */; };
		54AFE74018FB45DA00378AE7 /* DMProjectCollectionViewController.m in Sources */ = {isa = PBXBuildFile; fileRef = 54AFE73F18FB45DA00378AE7 /* DMProjectCollectionViewController.m */; };
		54AFE74318FB46B600378AE7 /* DMProjectDetailsViewController.m in Sources */ = {isa = PBXBuildFile; fileRef = 54AFE74218FB46B600378AE7 /* DMProjectDetailsViewController.m */; };
		54AFE74918FB4B7C00378AE7 /* DMProjectsViewCell.m in Sources */ = {isa = PBXBuildFile; fileRef = 54AFE74818FB4B7C00378AE7 /* DMProjectsViewCell.m */; };
/* End PBXBuildFile section */

/* Begin PBXContainerItemProxy section */
		540BEEF618F9BE5C00EA7F5D /* PBXContainerItemProxy */ = {
			isa = PBXContainerItemProxy;
			containerPortal = 540BEEC818F9BE5C00EA7F5D /* Project object */;
			proxyType = 1;
			remoteGlobalIDString = 540BEECF18F9BE5C00EA7F5D;
			remoteInfo = "Dan Miller";
		};
/* End PBXContainerItemProxy section */

/* Begin PBXFileReference section */
		540BEED018F9BE5C00EA7F5D /* Dan Miller.app */ = {isa = PBXFileReference; explicitFileType = wrapper.application; includeInIndex = 0; path = "Dan Miller.app"; sourceTree = BUILT_PRODUCTS_DIR; };
		540BEED318F9BE5C00EA7F5D /* Foundation.framework */ = {isa = PBXFileReference; lastKnownFileType = wrapper.framework; name = Foundation.framework; path = System/Library/Frameworks/Foundation.framework; sourceTree = SDKROOT; };
		540BEED518F9BE5C00EA7F5D /* CoreGraphics.framework */ = {isa = PBXFileReference; lastKnownFileType = wrapper.framework; name = CoreGraphics.framework; path = System/Library/Frameworks/CoreGraphics.framework; sourceTree = SDKROOT; };
		540BEED718F9BE5C00EA7F5D /* UIKit.framework */ = {isa = PBXFileReference; lastKnownFileType = wrapper.framework; name = UIKit.framework; path = System/Library/Frameworks/UIKit.framework; sourceTree = SDKROOT; };
		540BEEDB18F9BE5C00EA7F5D /* Dan Miller-Info.plist */ = {isa = PBXFileReference; lastKnownFileType = text.plist.xml; path = "Dan Miller-Info.plist"; sourceTree = "<group>"; };
		540BEEDD18F9BE5C00EA7F5D /* en */ = {isa = PBXFileReference; lastKnownFileType = text.plist.strings; name = en; path = en.lproj/InfoPlist.strings; sourceTree = "<group>"; };
		540BEEDF18F9BE5C00EA7F5D /* main.m */ = {isa = PBXFileReference; lastKnownFileType = sourcecode.c.objc; path = main.m; sourceTree = "<group>"; };
		540BEEE118F9BE5C00EA7F5D /* Dan Miller-Prefix.pch */ = {isa = PBXFileReference; lastKnownFileType = sourcecode.c.h; path = "Dan Miller-Prefix.pch"; sourceTree = "<group>"; };
		540BEEE218F9BE5C00EA7F5D /* DMAppDelegate.h */ = {isa = PBXFileReference; lastKnownFileType = sourcecode.c.h; path = DMAppDelegate.h; sourceTree = "<group>"; };
		540BEEE318F9BE5C00EA7F5D /* DMAppDelegate.m */ = {isa = PBXFileReference; lastKnownFileType = sourcecode.c.objc; path = DMAppDelegate.m; sourceTree = "<group>"; };
		540BEEE618F9BE5C00EA7F5D /* Base */ = {isa = PBXFileReference; lastKnownFileType = file.storyboard; name = Base; path = Base.lproj/Main.storyboard; sourceTree = "<group>"; };
		540BEEEB18F9BE5C00EA7F5D /* About Me.xcassets */ = {isa = PBXFileReference; lastKnownFileType = folder.assetcatalog; path = "About Me.xcassets"; sourceTree = "<group>"; };
		540BEEF118F9BE5C00EA7F5D /* Dan MillerTests.xctest */ = {isa = PBXFileReference; explicitFileType = wrapper.cfbundle; includeInIndex = 0; path = "Dan MillerTests.xctest"; sourceTree = BUILT_PRODUCTS_DIR; };
		540BEEF218F9BE5C00EA7F5D /* XCTest.framework */ = {isa = PBXFileReference; lastKnownFileType = wrapper.framework; name = XCTest.framework; path = Library/Frameworks/XCTest.framework; sourceTree = DEVELOPER_DIR; };
		540BEEFA18F9BE5C00EA7F5D /* Dan MillerTests-Info.plist */ = {isa = PBXFileReference; lastKnownFileType = text.plist.xml; path = "Dan MillerTests-Info.plist"; sourceTree = "<group>"; };
		540BEEFC18F9BE5C00EA7F5D /* en */ = {isa = PBXFileReference; lastKnownFileType = text.plist.strings; name = en; path = en.lproj/InfoPlist.strings; sourceTree = "<group>"; };
		540BEEFE18F9BE5C00EA7F5D /* Dan_MillerTests.m */ = {isa = PBXFileReference; lastKnownFileType = sourcecode.c.objc; path = Dan_MillerTests.m; sourceTree = "<group>"; };
		548DDAD018F9E2D000686945 /* DMAboutMyViewController.h */ = {isa = PBXFileReference; fileEncoding = 4; lastKnownFileType = sourcecode.c.h; path = DMAboutMyViewController.h; sourceTree = "<group>"; };
		548DDAD118F9E2D000686945 /* DMAboutMyViewController.m */ = {isa = PBXFileReference; fileEncoding = 4; lastKnownFileType = sourcecode.c.objc; path = DMAboutMyViewController.m; sourceTree = "<group>"; };
		54AFE71818FB153C00378AE7 /* DMTableViewController.h */ = {isa = PBXFileReference; fileEncoding = 4; lastKnownFileType = sourcecode.c.h; path = DMTableViewController.h; sourceTree = "<group>"; };
		54AFE71918FB153C00378AE7 /* DMTableViewController.m */ = {isa = PBXFileReference; fileEncoding = 4; lastKnownFileType = sourcecode.c.objc; path = DMTableViewController.m; sourceTree = "<group>"; };
		54AFE71B18FB164C00378AE7 /* DMWebViewController.h */ = {isa = PBXFileReference; fileEncoding = 4; lastKnownFileType = sourcecode.c.h; path = DMWebViewController.h; sourceTree = "<group>"; };
		54AFE71C18FB164C00378AE7 /* DMWebViewController.m */ = {isa = PBXFileReference; fileEncoding = 4; lastKnownFileType = sourcecode.c.objc; path = DMWebViewController.m; sourceTree = "<group>"; };
		54AFE71F18FB38FB00378AE7 /* AFHTTPRequestOperation.h */ = {isa = PBXFileReference; fileEncoding = 4; lastKnownFileType = sourcecode.c.h; path = AFHTTPRequestOperation.h; sourceTree = "<group>"; };
		54AFE72018FB38FB00378AE7 /* AFHTTPRequestOperation.m */ = {isa = PBXFileReference; fileEncoding = 4; lastKnownFileType = sourcecode.c.objc; path = AFHTTPRequestOperation.m; sourceTree = "<group>"; };
		54AFE72118FB38FB00378AE7 /* AFHTTPRequestOperationManager.h */ = {isa = PBXFileReference; fileEncoding = 4; lastKnownFileType = sourcecode.c.h; path = AFHTTPRequestOperationManager.h; sourceTree = "<group>"; };
		54AFE72218FB38FB00378AE7 /* AFHTTPRequestOperationManager.m */ = {isa = PBXFileReference; fileEncoding = 4; lastKnownFileType = sourcecode.c.objc; path = AFHTTPRequestOperationManager.m; sourceTree = "<group>"; };
		54AFE72318FB38FB00378AE7 /* AFHTTPSessionManager.h */ = {isa = PBXFileReference; fileEncoding = 4; lastKnownFileType = sourcecode.c.h; path = AFHTTPSessionManager.h; sourceTree = "<group>"; };
		54AFE72418FB38FB00378AE7 /* AFHTTPSessionManager.m */ = {isa = PBXFileReference; fileEncoding = 4; lastKnownFileType = sourcecode.c.objc; path = AFHTTPSessionManager.m; sourceTree = "<group>"; };
		54AFE72518FB38FB00378AE7 /* AFNetworking.h */ = {isa = PBXFileReference; fileEncoding = 4; lastKnownFileType = sourcecode.c.h; path = AFNetworking.h; sourceTree = "<group>"; };
		54AFE72618FB38FB00378AE7 /* AFNetworkReachabilityManager.h */ = {isa = PBXFileReference; fileEncoding = 4; lastKnownFileType = sourcecode.c.h; path = AFNetworkReachabilityManager.h; sourceTree = "<group>"; };
		54AFE72718FB38FB00378AE7 /* AFNetworkReachabilityManager.m */ = {isa = PBXFileReference; fileEncoding = 4; lastKnownFileType = sourcecode.c.objc; path = AFNetworkReachabilityManager.m; sourceTree = "<group>"; };
		54AFE72818FB38FB00378AE7 /* AFSecurityPolicy.h */ = {isa = PBXFileReference; fileEncoding = 4; lastKnownFileType = sourcecode.c.h; path = AFSecurityPolicy.h; sourceTree = "<group>"; };
		54AFE72918FB38FB00378AE7 /* AFSecurityPolicy.m */ = {isa = PBXFileReference; fileEncoding = 4; lastKnownFileType = sourcecode.c.objc; path = AFSecurityPolicy.m; sourceTree = "<group>"; };
		54AFE72A18FB38FB00378AE7 /* AFURLConnectionOperation.h */ = {isa = PBXFileReference; fileEncoding = 4; lastKnownFileType = sourcecode.c.h; path = AFURLConnectionOperation.h; sourceTree = "<group>"; };
		54AFE72B18FB38FB00378AE7 /* AFURLConnectionOperation.m */ = {isa = PBXFileReference; fileEncoding = 4; lastKnownFileType = sourcecode.c.objc; path = AFURLConnectionOperation.m; sourceTree = "<group>"; };
		54AFE72C18FB38FB00378AE7 /* AFURLRequestSerialization.h */ = {isa = PBXFileReference; fileEncoding = 4; lastKnownFileType = sourcecode.c.h; path = AFURLRequestSerialization.h; sourceTree = "<group>"; };
		54AFE72D18FB38FB00378AE7 /* AFURLRequestSerialization.m */ = {isa = PBXFileReference; fileEncoding = 4; lastKnownFileType = sourcecode.c.objc; path = AFURLRequestSerialization.m; sourceTree = "<group>"; };
		54AFE72E18FB38FB00378AE7 /* AFURLResponseSerialization.h */ = {isa = PBXFileReference; fileEncoding = 4; lastKnownFileType = sourcecode.c.h; path = AFURLResponseSerialization.h; sourceTree = "<group>"; };
		54AFE72F18FB38FB00378AE7 /* AFURLResponseSerialization.m */ = {isa = PBXFileReference; fileEncoding = 4; lastKnownFileType = sourcecode.c.objc; path = AFURLResponseSerialization.m; sourceTree = "<group>"; };
		54AFE73018FB38FB00378AE7 /* AFURLSessionManager.h */ = {isa = PBXFileReference; fileEncoding = 4; lastKnownFileType = sourcecode.c.h; path = AFURLSessionManager.h; sourceTree = "<group>"; };
		54AFE73118FB38FB00378AE7 /* AFURLSessionManager.m */ = {isa = PBXFileReference; fileEncoding = 4; lastKnownFileType = sourcecode.c.objc; path = AFURLSessionManager.m; sourceTree = "<group>"; };
		54AFE73B18FB444F00378AE7 /* DMProjectObject.h */ = {isa = PBXFileReference; fileEncoding = 4; lastKnownFileType = sourcecode.c.h; path = DMProjectObject.h; sourceTree = "<group>"; };
		54AFE73C18FB444F00378AE7 /* DMProjectObject.m */ = {isa = PBXFileReference; fileEncoding = 4; lastKnownFileType = sourcecode.c.objc; path = DMProjectObject.m; sourceTree = "<group>"; };
		54AFE73E18FB45DA00378AE7 /* DMProjectCollectionViewController.h */ = {isa = PBXFileReference; fileEncoding = 4; lastKnownFileType = sourcecode.c.h; path = DMProjectCollectionViewController.h; sourceTree = "<group>"; };
		54AFE73F18FB45DA00378AE7 /* DMProjectCollectionViewController.m */ = {isa = PBXFileReference; fileEncoding = 4; lastKnownFileType = sourcecode.c.objc; path = DMProjectCollectionViewController.m; sourceTree = "<group>"; };
		54AFE74118FB46B600378AE7 /* DMProjectDetailsViewController.h */ = {isa = PBXFileReference; fileEncoding = 4; lastKnownFileType = sourcecode.c.h; path = DMProjectDetailsViewController.h; sourceTree = "<group>"; };
		54AFE74218FB46B600378AE7 /* DMProjectDetailsViewController.m */ = {isa = PBXFileReference; fileEncoding = 4; lastKnownFileType = sourcecode.c.objc; path = DMProjectDetailsViewController.m; sourceTree = "<group>"; };
		54AFE74718FB4B7C00378AE7 /* DMProjectsViewCell.h */ = {isa = PBXFileReference; fileEncoding = 4; lastKnownFileType = sourcecode.c.h; path = DMProjectsViewCell.h; sourceTree = "<group>"; };
		54AFE74818FB4B7C00378AE7 /* DMProjectsViewCell.m */ = {isa = PBXFileReference; fileEncoding = 4; lastKnownFileType = sourcecode.c.objc; path = DMProjectsViewCell.m; sourceTree = "<group>"; };
/* End PBXFileReference section */

/* Begin PBXFrameworksBuildPhase section */
		540BEECD18F9BE5C00EA7F5D /* Frameworks */ = {
			isa = PBXFrameworksBuildPhase;
			buildActionMask = 2147483647;
			files = (
				540BEED618F9BE5C00EA7F5D /* CoreGraphics.framework in Frameworks */,
				540BEED818F9BE5C00EA7F5D /* UIKit.framework in Frameworks */,
				540BEED418F9BE5C00EA7F5D /* Foundation.framework in Frameworks */,
			);
			runOnlyForDeploymentPostprocessing = 0;
		};
		540BEEEE18F9BE5C00EA7F5D /* Frameworks */ = {
			isa = PBXFrameworksBuildPhase;
			buildActionMask = 2147483647;
			files = (
				540BEEF318F9BE5C00EA7F5D /* XCTest.framework in Frameworks */,
				540BEEF518F9BE5C00EA7F5D /* UIKit.framework in Frameworks */,
				540BEEF418F9BE5C00EA7F5D /* Foundation.framework in Frameworks */,
			);
			runOnlyForDeploymentPostprocessing = 0;
		};
/* End PBXFrameworksBuildPhase section */

/* Begin PBXGroup section */
		540BEEC718F9BE5C00EA7F5D = {
			isa = PBXGroup;
			children = (
				540BEED918F9BE5C00EA7F5D /* Dan Miller */,
				540BEEF818F9BE5C00EA7F5D /* Dan MillerTests */,
				540BEED218F9BE5C00EA7F5D /* Frameworks */,
				540BEED118F9BE5C00EA7F5D /* Products */,
			);
			sourceTree = "<group>";
		};
		540BEED118F9BE5C00EA7F5D /* Products */ = {
			isa = PBXGroup;
			children = (
				540BEED018F9BE5C00EA7F5D /* Dan Miller.app */,
				540BEEF118F9BE5C00EA7F5D /* Dan MillerTests.xctest */,
			);
			name = Products;
			sourceTree = "<group>";
		};
		540BEED218F9BE5C00EA7F5D /* Frameworks */ = {
			isa = PBXGroup;
			children = (
				540BEED318F9BE5C00EA7F5D /* Foundation.framework */,
				540BEED518F9BE5C00EA7F5D /* CoreGraphics.framework */,
				540BEED718F9BE5C00EA7F5D /* UIKit.framework */,
				540BEEF218F9BE5C00EA7F5D /* XCTest.framework */,
			);
			name = Frameworks;
			sourceTree = "<group>";
		};
		540BEED918F9BE5C00EA7F5D /* Dan Miller */ = {
			isa = PBXGroup;
			children = (
				540BEEE218F9BE5C00EA7F5D /* DMAppDelegate.h */,
				540BEEE318F9BE5C00EA7F5D /* DMAppDelegate.m */,
				548DDAD018F9E2D000686945 /* DMAboutMyViewController.h */,
				548DDAD118F9E2D000686945 /* DMAboutMyViewController.m */,
				540BEEE518F9BE5C00EA7F5D /* Main.storyboard */,
				54AFE74718FB4B7C00378AE7 /* DMProjectsViewCell.h */,
				54AFE74818FB4B7C00378AE7 /* DMProjectsViewCell.m */,
				54AFE74118FB46B600378AE7 /* DMProjectDetailsViewController.h */,
				54AFE74218FB46B600378AE7 /* DMProjectDetailsViewController.m */,
				54AFE73E18FB45DA00378AE7 /* DMProjectCollectionViewController.h */,
				54AFE73F18FB45DA00378AE7 /* DMProjectCollectionViewController.m */,
				54AFE73B18FB444F00378AE7 /* DMProjectObject.h */,
				54AFE73C18FB444F00378AE7 /* DMProjectObject.m */,
				54AFE71B18FB164C00378AE7 /* DMWebViewController.h */,
				54AFE71C18FB164C00378AE7 /* DMWebViewController.m */,
				54AFE71818FB153C00378AE7 /* DMTableViewController.h */,
				54AFE71918FB153C00378AE7 /* DMTableViewController.m */,
				540BEEEB18F9BE5C00EA7F5D /* About Me.xcassets */,
				54AFE71E18FB38FB00378AE7 /* AFNetworking */,
				540BEEDA18F9BE5C00EA7F5D /* Supporting Files */,
			);
			path = "Dan Miller";
			sourceTree = "<group>";
		};
		540BEEDA18F9BE5C00EA7F5D /* Supporting Files */ = {
			isa = PBXGroup;
			children = (
				540BEEDB18F9BE5C00EA7F5D /* Dan Miller-Info.plist */,
				540BEEDC18F9BE5C00EA7F5D /* InfoPlist.strings */,
				540BEEDF18F9BE5C00EA7F5D /* main.m */,
				540BEEE118F9BE5C00EA7F5D /* Dan Miller-Prefix.pch */,
			);
			name = "Supporting Files";
			sourceTree = "<group>";
		};
		540BEEF818F9BE5C00EA7F5D /* Dan MillerTests */ = {
			isa = PBXGroup;
			children = (
				540BEEFE18F9BE5C00EA7F5D /* Dan_MillerTests.m */,
				540BEEF918F9BE5C00EA7F5D /* Supporting Files */,
			);
			path = "Dan MillerTests";
			sourceTree = "<group>";
		};
		540BEEF918F9BE5C00EA7F5D /* Supporting Files */ = {
			isa = PBXGroup;
			children = (
				540BEEFA18F9BE5C00EA7F5D /* Dan MillerTests-Info.plist */,
				540BEEFB18F9BE5C00EA7F5D /* InfoPlist.strings */,
			);
			name = "Supporting Files";
			sourceTree = "<group>";
		};
		54AFE71E18FB38FB00378AE7 /* AFNetworking */ = {
			isa = PBXGroup;
			children = (
				54AFE71F18FB38FB00378AE7 /* AFHTTPRequestOperation.h */,
				54AFE72018FB38FB00378AE7 /* AFHTTPRequestOperation.m */,
				54AFE72118FB38FB00378AE7 /* AFHTTPRequestOperationManager.h */,
				54AFE72218FB38FB00378AE7 /* AFHTTPRequestOperationManager.m */,
				54AFE72318FB38FB00378AE7 /* AFHTTPSessionManager.h */,
				54AFE72418FB38FB00378AE7 /* AFHTTPSessionManager.m */,
				54AFE72518FB38FB00378AE7 /* AFNetworking.h */,
				54AFE72618FB38FB00378AE7 /* AFNetworkReachabilityManager.h */,
				54AFE72718FB38FB00378AE7 /* AFNetworkReachabilityManager.m */,
				54AFE72818FB38FB00378AE7 /* AFSecurityPolicy.h */,
				54AFE72918FB38FB00378AE7 /* AFSecurityPolicy.m */,
				54AFE72A18FB38FB00378AE7 /* AFURLConnectionOperation.h */,
				54AFE72B18FB38FB00378AE7 /* AFURLConnectionOperation.m */,
				54AFE72C18FB38FB00378AE7 /* AFURLRequestSerialization.h */,
				54AFE72D18FB38FB00378AE7 /* AFURLRequestSerialization.m */,
				54AFE72E18FB38FB00378AE7 /* AFURLResponseSerialization.h */,
				54AFE72F18FB38FB00378AE7 /* AFURLResponseSerialization.m */,
				54AFE73018FB38FB00378AE7 /* AFURLSessionManager.h */,
				54AFE73118FB38FB00378AE7 /* AFURLSessionManager.m */,
			);
			name = AFNetworking;
			path = "../../../../Downloads/AFNetworking-2.2.0/AFNetworking";
			sourceTree = "<group>";
		};
/* End PBXGroup section */

/* Begin PBXNativeTarget section */
		540BEECF18F9BE5C00EA7F5D /* Dan Miller */ = {
			isa = PBXNativeTarget;
			buildConfigurationList = 540BEF0218F9BE5C00EA7F5D /* Build configuration list for PBXNativeTarget "Dan Miller" */;
			buildPhases = (
				540BEECC18F9BE5C00EA7F5D /* Sources */,
				540BEECD18F9BE5C00EA7F5D /* Frameworks */,
				540BEECE18F9BE5C00EA7F5D /* Resources */,
			);
			buildRules = (
			);
			dependencies = (
			);
			name = "Dan Miller";
			productName = "Dan Miller";
			productReference = 540BEED018F9BE5C00EA7F5D /* Dan Miller.app */;
			productType = "com.apple.product-type.application";
		};
		540BEEF018F9BE5C00EA7F5D /* Dan MillerTests */ = {
			isa = PBXNativeTarget;
			buildConfigurationList = 540BEF0518F9BE5C00EA7F5D /* Build configuration list for PBXNativeTarget "Dan MillerTests" */;
			buildPhases = (
				540BEEED18F9BE5C00EA7F5D /* Sources */,
				540BEEEE18F9BE5C00EA7F5D /* Frameworks */,
				540BEEEF18F9BE5C00EA7F5D /* Resources */,
			);
			buildRules = (
			);
			dependencies = (
				540BEEF718F9BE5C00EA7F5D /* PBXTargetDependency */,
			);
			name = "Dan MillerTests";
			productName = "Dan MillerTests";
			productReference = 540BEEF118F9BE5C00EA7F5D /* Dan MillerTests.xctest */;
			productType = "com.apple.product-type.bundle.unit-test";
		};
/* End PBXNativeTarget section */

/* Begin PBXProject section */
		540BEEC818F9BE5C00EA7F5D /* Project object */ = {
			isa = PBXProject;
			attributes = {
				CLASSPREFIX = DM;
				LastUpgradeCheck = 0510;
				ORGANIZATIONNAME = "Dan Miller";
				TargetAttributes = {
					540BEEF018F9BE5C00EA7F5D = {
						TestTargetID = 540BEECF18F9BE5C00EA7F5D;
					};
				};
			};
			buildConfigurationList = 540BEECB18F9BE5C00EA7F5D /* Build configuration list for PBXProject "Dan Miller" */;
			compatibilityVersion = "Xcode 3.2";
			developmentRegion = English;
			hasScannedForEncodings = 0;
			knownRegions = (
				en,
				Base,
			);
			mainGroup = 540BEEC718F9BE5C00EA7F5D;
			productRefGroup = 540BEED118F9BE5C00EA7F5D /* Products */;
			projectDirPath = "";
			projectRoot = "";
			targets = (
				540BEECF18F9BE5C00EA7F5D /* Dan Miller */,
				540BEEF018F9BE5C00EA7F5D /* Dan MillerTests */,
			);
		};
/* End PBXProject section */

/* Begin PBXResourcesBuildPhase section */
		540BEECE18F9BE5C00EA7F5D /* Resources */ = {
			isa = PBXResourcesBuildPhase;
			buildActionMask = 2147483647;
			files = (
				540BEEEC18F9BE5C00EA7F5D /* About Me.xcassets in Resources */,
				540BEEDE18F9BE5C00EA7F5D /* InfoPlist.strings in Resources */,
				540BEEE718F9BE5C00EA7F5D /* Main.storyboard in Resources */,
			);
			runOnlyForDeploymentPostprocessing = 0;
		};
		540BEEEF18F9BE5C00EA7F5D /* Resources */ = {
			isa = PBXResourcesBuildPhase;
			buildActionMask = 2147483647;
			files = (
				540BEEFD18F9BE5C00EA7F5D /* InfoPlist.strings in Resources */,
			);
			runOnlyForDeploymentPostprocessing = 0;
		};
/* End PBXResourcesBuildPhase section */

/* Begin PBXSourcesBuildPhase section */
		540BEECC18F9BE5C00EA7F5D /* Sources */ = {
			isa = PBXSourcesBuildPhase;
			buildActionMask = 2147483647;
			files = (
				54AFE73718FB38FB00378AE7 /* AFURLConnectionOperation.m in Sources */,
				54AFE73D18FB444F00378AE7 /* DMProjectObject.m in Sources */,
				54AFE73218FB38FB00378AE7 /* AFHTTPRequestOperation.m in Sources */,
				54AFE73518FB38FB00378AE7 /* AFNetworkReachabilityManager.m in Sources */,
				54AFE73A18FB38FB00378AE7 /* AFURLSessionManager.m in Sources */,
				54AFE73818FB38FB00378AE7 /* AFURLRequestSerialization.m in Sources */,
				540BEEE018F9BE5C00EA7F5D /* main.m in Sources */,
				54AFE73918FB38FB00378AE7 /* AFURLResponseSerialization.m in Sources */,
				548DDAD218F9E2D000686945 /* DMAboutMyViewController.m in Sources */,
				54AFE74018FB45DA00378AE7 /* DMProjectCollectionViewController.m in Sources */,
				54AFE71A18FB153C00378AE7 /* DMTableViewController.m in Sources */,
				54AFE74918FB4B7C00378AE7 /* DMProjectsViewCell.m in Sources */,
				54AFE73318FB38FB00378AE7 /* AFHTTPRequestOperationManager.m in Sources */,
				54AFE74318FB46B600378AE7 /* DMProjectDetailsViewController.m in Sources */,
				54AFE73618FB38FB00378AE7 /* AFSecurityPolicy.m in Sources */,
				54AFE71D18FB164C00378AE7 /* DMWebViewController.m in Sources */,
				540BEEE418F9BE5C00EA7F5D /* DMAppDelegate.m in Sources */,
				54AFE73418FB38FB00378AE7 /* AFHTTPSessionManager.m in Sources */,
			);
			runOnlyForDeploymentPostprocessing = 0;
		};
		540BEEED18F9BE5C00EA7F5D /* Sources */ = {
			isa = PBXSourcesBuildPhase;
			buildActionMask = 2147483647;
			files = (
				540BEEFF18F9BE5C00EA7F5D /* Dan_MillerTests.m in Sources */,
			);
			runOnlyForDeploymentPostprocessing = 0;
		};
/* End PBXSourcesBuildPhase section */

/* Begin PBXTargetDependency section */
		540BEEF718F9BE5C00EA7F5D /* PBXTargetDependency */ = {
			isa = PBXTargetDependency;
			target = 540BEECF18F9BE5C00EA7F5D /* Dan Miller */;
			targetProxy = 540BEEF618F9BE5C00EA7F5D /* PBXContainerItemProxy */;
		};
/* End PBXTargetDependency section */

/* Begin PBXVariantGroup section */
		540BEEDC18F9BE5C00EA7F5D /* InfoPlist.strings */ = {
			isa = PBXVariantGroup;
			children = (
				540BEEDD18F9BE5C00EA7F5D /* en */,
			);
			name = InfoPlist.strings;
			sourceTree = "<group>";
		};
		540BEEE518F9BE5C00EA7F5D /* Main.storyboard */ = {
			isa = PBXVariantGroup;
			children = (
				540BEEE618F9BE5C00EA7F5D /* Base */,
			);
			name = Main.storyboard;
			sourceTree = "<group>";
		};
		540BEEFB18F9BE5C00EA7F5D /* InfoPlist.strings */ = {
			isa = PBXVariantGroup;
			children = (
				540BEEFC18F9BE5C00EA7F5D /* en */,
			);
			name = InfoPlist.strings;
			sourceTree = "<group>";
		};
/* End PBXVariantGroup section */

/* Begin XCBuildConfiguration section */
		540BEF0018F9BE5C00EA7F5D /* Debug */ = {
			isa = XCBuildConfiguration;
			buildSettings = {
				ALWAYS_SEARCH_USER_PATHS = NO;
				CLANG_CXX_LANGUAGE_STANDARD = "gnu++0x";
				CLANG_CXX_LIBRARY = "libc++";
				CLANG_ENABLE_MODULES = YES;
				CLANG_ENABLE_OBJC_ARC = YES;
				CLANG_WARN_BOOL_CONVERSION = YES;
				CLANG_WARN_CONSTANT_CONVERSION = YES;
				CLANG_WARN_DIRECT_OBJC_ISA_USAGE = YES_ERROR;
				CLANG_WARN_EMPTY_BODY = YES;
				CLANG_WARN_ENUM_CONVERSION = YES;
				CLANG_WARN_INT_CONVERSION = YES;
				CLANG_WARN_OBJC_ROOT_CLASS = YES_ERROR;
				CLANG_WARN__DUPLICATE_METHOD_MATCH = YES;
				"CODE_SIGN_IDENTITY[sdk=iphoneos*]" = "iPhone Developer";
				COPY_PHASE_STRIP = NO;
				GCC_C_LANGUAGE_STANDARD = gnu99;
				GCC_DYNAMIC_NO_PIC = NO;
				GCC_OPTIMIZATION_LEVEL = 0;
				GCC_PREPROCESSOR_DEFINITIONS = (
					"DEBUG=1",
					"$(inherited)",
				);
				GCC_SYMBOLS_PRIVATE_EXTERN = NO;
				GCC_WARN_64_TO_32_BIT_CONVERSION = YES;
				GCC_WARN_ABOUT_RETURN_TYPE = YES_ERROR;
				GCC_WARN_UNDECLARED_SELECTOR = YES;
				GCC_WARN_UNINITIALIZED_AUTOS = YES_AGGRESSIVE;
				GCC_WARN_UNUSED_FUNCTION = YES;
				GCC_WARN_UNUSED_VARIABLE = YES;
				IPHONEOS_DEPLOYMENT_TARGET = 7.1;
				ONLY_ACTIVE_ARCH = YES;
				SDKROOT = iphoneos;
			};
			name = Debug;
		};
		540BEF0118F9BE5C00EA7F5D /* Release */ = {
			isa = XCBuildConfiguration;
			buildSettings = {
				ALWAYS_SEARCH_USER_PATHS = NO;
				CLANG_CXX_LANGUAGE_STANDARD = "gnu++0x";
				CLANG_CXX_LIBRARY = "libc++";
				CLANG_ENABLE_MODULES = YES;
				CLANG_ENABLE_OBJC_ARC = YES;
				CLANG_WARN_BOOL_CONVERSION = YES;
				CLANG_WARN_CONSTANT_CONVERSION = YES;
				CLANG_WARN_DIRECT_OBJC_ISA_USAGE = YES_ERROR;
				CLANG_WARN_EMPTY_BODY = YES;
				CLANG_WARN_ENUM_CONVERSION = YES;
				CLANG_WARN_INT_CONVERSION = YES;
				CLANG_WARN_OBJC_ROOT_CLASS = YES_ERROR;
				CLANG_WARN__DUPLICATE_METHOD_MATCH = YES;
				"CODE_SIGN_IDENTITY[sdk=iphoneos*]" = "iPhone Developer";
				COPY_PHASE_STRIP = YES;
				ENABLE_NS_ASSERTIONS = NO;
				GCC_C_LANGUAGE_STANDARD = gnu99;
				GCC_WARN_64_TO_32_BIT_CONVERSION = YES;
				GCC_WARN_ABOUT_RETURN_TYPE = YES_ERROR;
				GCC_WARN_UNDECLARED_SELECTOR = YES;
				GCC_WARN_UNINITIALIZED_AUTOS = YES_AGGRESSIVE;
				GCC_WARN_UNUSED_FUNCTION = YES;
				GCC_WARN_UNUSED_VARIABLE = YES;
				IPHONEOS_DEPLOYMENT_TARGET = 7.1;
				SDKROOT = iphoneos;
				VALIDATE_PRODUCT = YES;
			};
			name = Release;
		};
		540BEF0318F9BE5C00EA7F5D /* Debug */ = {
			isa = XCBuildConfiguration;
			buildSettings = {
				ASSETCATALOG_COMPILER_APPICON_NAME = AppIcon;
				ASSETCATALOG_COMPILER_LAUNCHIMAGE_NAME = LaunchImage;
				GCC_PRECOMPILE_PREFIX_HEADER = YES;
				GCC_PREFIX_HEADER = "Dan Miller/Dan Miller-Prefix.pch";
				INFOPLIST_FILE = "Dan Miller/Dan Miller-Info.plist";
				PRODUCT_NAME = "$(TARGET_NAME)";
				WRAPPER_EXTENSION = app;
			};
			name = Debug;
		};
		540BEF0418F9BE5C00EA7F5D /* Release */ = {
			isa = XCBuildConfiguration;
			buildSettings = {
				ASSETCATALOG_COMPILER_APPICON_NAME = AppIcon;
				ASSETCATALOG_COMPILER_LAUNCHIMAGE_NAME = LaunchImage;
				GCC_PRECOMPILE_PREFIX_HEADER = YES;
				GCC_PREFIX_HEADER = "Dan Miller/Dan Miller-Prefix.pch";
				INFOPLIST_FILE = "Dan Miller/Dan Miller-Info.plist";
				PRODUCT_NAME = "$(TARGET_NAME)";
				WRAPPER_EXTENSION = app;
			};
			name = Release;
		};
		540BEF0618F9BE5C00EA7F5D /* Debug */ = {
			isa = XCBuildConfiguration;
			buildSettings = {
				BUNDLE_LOADER = "$(BUILT_PRODUCTS_DIR)/Dan Miller.app/Dan Miller";
				FRAMEWORK_SEARCH_PATHS = (
					"$(SDKROOT)/Developer/Library/Frameworks",
					"$(inherited)",
					"$(DEVELOPER_FRAMEWORKS_DIR)",
				);
				GCC_PRECOMPILE_PREFIX_HEADER = YES;
				GCC_PREFIX_HEADER = "Dan Miller/Dan Miller-Prefix.pch";
				GCC_PREPROCESSOR_DEFINITIONS = (
					"DEBUG=1",
					"$(inherited)",
				);
				INFOPLIST_FILE = "Dan MillerTests/Dan MillerTests-Info.plist";
				PRODUCT_NAME = "$(TARGET_NAME)";
				TEST_HOST = "$(BUNDLE_LOADER)";
				WRAPPER_EXTENSION = xctest;
			};
			name = Debug;
		};
		540BEF0718F9BE5C00EA7F5D /* Release */ = {
			isa = XCBuildConfiguration;
			buildSettings = {
				BUNDLE_LOADER = "$(BUILT_PRODUCTS_DIR)/Dan Miller.app/Dan Miller";
				FRAMEWORK_SEARCH_PATHS = (
					"$(SDKROOT)/Developer/Library/Frameworks",
					"$(inherited)",
					"$(DEVELOPER_FRAMEWORKS_DIR)",
				);
				GCC_PRECOMPILE_PREFIX_HEADER = YES;
				GCC_PREFIX_HEADER = "Dan Miller/Dan Miller-Prefix.pch";
				INFOPLIST_FILE = "Dan MillerTests/Dan MillerTests-Info.plist";
				PRODUCT_NAME = "$(TARGET_NAME)";
				TEST_HOST = "$(BUNDLE_LOADER)";
				WRAPPER_EXTENSION = xctest;
			};
			name = Release;
		};
/* End XCBuildConfiguration section */

/* Begin XCConfigurationList section */
		540BEECB18F9BE5C00EA7F5D /* Build configuration list for PBXProject "Dan Miller" */ = {
			isa = XCConfigurationList;
			buildConfigurations = (
				540BEF0018F9BE5C00EA7F5D /* Debug */,
				540BEF0118F9BE5C00EA7F5D /* Release */,
			);
			defaultConfigurationIsVisible = 0;
			defaultConfigurationName = Release;
		};
		540BEF0218F9BE5C00EA7F5D /* Build configuration list for PBXNativeTarget "Dan Miller" */ = {
			isa = XCConfigurationList;
			buildConfigurations = (
				540BEF0318F9BE5C00EA7F5D /* Debug */,
				540BEF0418F9BE5C00EA7F5D /* Release */,
			);
			defaultConfigurationIsVisible = 0;
			defaultConfigurationName = Release;
		};
		540BEF0518F9BE5C00EA7F5D /* Build configuration list for PBXNativeTarget "Dan MillerTests" */ = {
			isa = XCConfigurationList;
			buildConfigurations = (
				540BEF0618F9BE5C00EA7F5D /* Debug */,
				540BEF0718F9BE5C00EA7F5D /* Release */,
			);
			defaultConfigurationIsVisible = 0;
			defaultConfigurationName = Release;
		};
/* End XCConfigurationList section */
	};
	rootObject = 540BEEC818F9BE5C00EA7F5D /* Project object */;
}
